
Microsoft Visual Studio Solution File, Format Version 12.00
# Visual Studio Version 17
VisualStudioVersion = 17.14.36623.8 d17.14
MinimumVisualStudioVersion = 10.0.40219.1
Project("{FAE04EC0-301F-11D3-BF4B-00C04F79EFBC}") = "LJFpayrollAPI", "LJFpayrollAPI.csproj", "{9EC5A866-4F05-4717-BF7D-10D23475F503}"
EndProject
Project("{FAE04EC0-301F-11D3-BF4B-00C04F79EFBC}") = "LJFpayrollAPITests", "..\LJFpayrollAPITests\LJFpayrollAPITests.csproj", "{981D3E4E-1DC4-4DB9-B080-F5647D00A872}"
EndProject
Global
	GlobalSection(SolutionConfigurationPlatforms) = preSolution
		Debug|Any CPU = Debug|Any CPU
		Release|Any CPU = Release|Any CPU
	EndGlobalSection
	GlobalSection(ProjectConfigurationPlatforms) = postSolution
		{9EC5A866-4F05-4717-BF7D-10D23475F503}.Debug|Any CPU.ActiveCfg = Debug|Any CPU
		{9EC5A866-4F05-4717-BF7D-10D23475F503}.Debug|Any CPU.Build.0 = Debug|Any CPU
		{9EC5A866-4F05-4717-BF7D-10D23475F503}.Release|Any CPU.ActiveCfg = Release|Any CPU
		{9EC5A866-4F05-4717-BF7D-10D23475F503}.Release|Any CPU.Build.0 = Release|Any CPU
		{981D3E4E-1DC4-4DB9-B080-F5647D00A872}.Debug|Any CPU.ActiveCfg = Debug|Any CPU
		{981D3E4E-1DC4-4DB9-B080-F5647D00A872}.Debug|Any CPU.Build.0 = Debug|Any CPU
		{981D3E4E-1DC4-4DB9-B080-F5647D00A872}.Release|Any CPU.ActiveCfg = Release|Any CPU
		{981D3E4E-1DC4-4DB9-B080-F5647D00A872}.Release|Any CPU.Build.0 = Release|Any CPU
	EndGlobalSection
	GlobalSection(SolutionProperties) = preSolution
		HideSolutionNode = FALSE
	EndGlobalSection
	GlobalSection(ExtensibilityGlobals) = postSolution
		SolutionGuid = {23E48B83-23C1-419C-BFDF-1ACE327338ED}
	EndGlobalSection
EndGlobal
